
Microsoft Visual Studio Solution File, Format Version 12.00
# Visual Studio Version 17
VisualStudioVersion = 17.10.35122.118
MinimumVisualStudioVersion = 10.0.40219.1
Project("{9A19103F-16F7-4668-BE54-9A1E7A4F7556}") = "BulkyWeb", "BulkyWeb\BulkyWeb.csproj", "{2D0C8AAD-5BB1-484A-864A-29B9F9016A14}"
EndProject
Project("{9A19103F-16F7-4668-BE54-9A1E7A4F7556}") = "DataAccess", "DataAccess\DataAccess.csproj", "{2E100188-2CDF-456E-AF1D-4B486E8FB412}"
EndProject
Project("{9A19103F-16F7-4668-BE54-9A1E7A4F7556}") = "BulkyWebConsoleApp", "BulkyWebConsoleApp\BulkyWebConsoleApp.csproj", "{04E03854-A12F-4F95-A044-17A70E347780}"
EndProject
Project("{9A19103F-16F7-4668-BE54-9A1E7A4F7556}") = "BulkyWebApi", "BulkyWebApi\BulkyWebApi.csproj", "{522CF202-7079-4F8E-BA4A-CC56CF25812F}"
EndProject
Project("{9A19103F-16F7-4668-BE54-9A1E7A4F7556}") = "WebApiTest", "WebApiTest\WebApiTest.csproj", "{747DE8C1-FBEC-449B-98C3-54263DFD2FC9}"
EndProject
Project("{FAE04EC0-301F-11D3-BF4B-00C04F79EFBC}") = "APIConsole", "APIConsole\APIConsole.csproj", "{646A74EF-0BA9-4ED5-9814-8CBF8C07ACA5}"
EndProject
Global
	GlobalSection(SolutionConfigurationPlatforms) = preSolution
		Debug|Any CPU = Debug|Any CPU
		Release|Any CPU = Release|Any CPU
	EndGlobalSection
	GlobalSection(ProjectConfigurationPlatforms) = postSolution
		{2D0C8AAD-5BB1-484A-864A-29B9F9016A14}.Debug|Any CPU.ActiveCfg = Debug|Any CPU
		{2D0C8AAD-5BB1-484A-864A-29B9F9016A14}.Debug|Any CPU.Build.0 = Debug|Any CPU
		{2D0C8AAD-5BB1-484A-864A-29B9F9016A14}.Release|Any CPU.ActiveCfg = Release|Any CPU
		{2D0C8AAD-5BB1-484A-864A-29B9F9016A14}.Release|Any CPU.Build.0 = Release|Any CPU
		{2E100188-2CDF-456E-AF1D-4B486E8FB412}.Debug|Any CPU.ActiveCfg = Debug|Any CPU
		{2E100188-2CDF-456E-AF1D-4B486E8FB412}.Debug|Any CPU.Build.0 = Debug|Any CPU
		{2E100188-2CDF-456E-AF1D-4B486E8FB412}.Release|Any CPU.ActiveCfg = Release|Any CPU
		{2E100188-2CDF-456E-AF1D-4B486E8FB412}.Release|Any CPU.Build.0 = Release|Any CPU
		{04E03854-A12F-4F95-A044-17A70E347780}.Debug|Any CPU.ActiveCfg = Debug|Any CPU
		{04E03854-A12F-4F95-A044-17A70E347780}.Debug|Any CPU.Build.0 = Debug|Any CPU
		{04E03854-A12F-4F95-A044-17A70E347780}.Release|Any CPU.ActiveCfg = Release|Any CPU
		{04E03854-A12F-4F95-A044-17A70E347780}.Release|Any CPU.Build.0 = Release|Any CPU
		{522CF202-7079-4F8E-BA4A-CC56CF25812F}.Debug|Any CPU.ActiveCfg = Debug|Any CPU
		{522CF202-7079-4F8E-BA4A-CC56CF25812F}.Debug|Any CPU.Build.0 = Debug|Any CPU
		{522CF202-7079-4F8E-BA4A-CC56CF25812F}.Release|Any CPU.ActiveCfg = Release|Any CPU
		{522CF202-7079-4F8E-BA4A-CC56CF25812F}.Release|Any CPU.Build.0 = Release|Any CPU
		{747DE8C1-FBEC-449B-98C3-54263DFD2FC9}.Debug|Any CPU.ActiveCfg = Debug|Any CPU
		{747DE8C1-FBEC-449B-98C3-54263DFD2FC9}.Debug|Any CPU.Build.0 = Debug|Any CPU
		{747DE8C1-FBEC-449B-98C3-54263DFD2FC9}.Release|Any CPU.ActiveCfg = Release|Any CPU
		{747DE8C1-FBEC-449B-98C3-54263DFD2FC9}.Release|Any CPU.Build.0 = Release|Any CPU
		{646A74EF-0BA9-4ED5-9814-8CBF8C07ACA5}.Debug|Any CPU.ActiveCfg = Debug|Any CPU
		{646A74EF-0BA9-4ED5-9814-8CBF8C07ACA5}.Debug|Any CPU.Build.0 = Debug|Any CPU
		{646A74EF-0BA9-4ED5-9814-8CBF8C07ACA5}.Release|Any CPU.ActiveCfg = Release|Any CPU
		{646A74EF-0BA9-4ED5-9814-8CBF8C07ACA5}.Release|Any CPU.Build.0 = Release|Any CPU
	EndGlobalSection
	GlobalSection(SolutionProperties) = preSolution
		HideSolutionNode = FALSE
	EndGlobalSection
	GlobalSection(ExtensibilityGlobals) = postSolution
		SolutionGuid = {F25FE531-40D2-4CFE-AAEF-2CD3F334E098}
	EndGlobalSection
EndGlobal
